{
  "object": {
    "pins": [
      {
        "package": "Alamofire",
        "repositoryURL": "https://github.com/Alamofire/Alamofire",
        "state": {
          "branch": null,
          "revision": "eaf6e622dd41b07b251d8f01752eab31bc811493",
          "version": "5.4.1"
        }
      },
      {
        "package": "Haptica",
        "repositoryURL": "https://github.com/efremidze/Haptica",
        "state": {
          "branch": null,
          "revision": "4084702c85102c2d17d58e42ec5a750094944864",
          "version": "3.0.2"
        }
      },
      {
        "package": "KeychainAccess",
        "repositoryURL": "https://github.com/kishikawakatsumi/KeychainAccess",
        "state": {
          "branch": null,
          "revision": "654d52d30f3dd4592e944c3e0bccb53178c992f6",
          "version": "4.2.1"
        }
      },
      {
        "package": "SFSafeSymbols",
        "repositoryURL": "https://github.com/piknotech/SFSafeSymbols",
        "state": {
          "branch": null,
          "revision": "31a99db357f2b839a18ab598c4aa87a741bd6009",
          "version": "1.2.0"
        }
      },
      {
        "package": "Introspect",
        "repositoryURL": "https://github.com/siteline/SwiftUI-Introspect.git",
        "state": {
          "branch": null,
          "revision": "36ecf80429d00a4cd1e81fbfe4655b1d99ebd651",
          "version": "0.1.2"
        }
      },
      {
        "package": "SwiftUIRefresh",
        "repositoryURL": "https://github.com/timbersoftware/SwiftUIRefresh.git",
        "state": {
          "branch": null,
          "revision": "fa8fac7b5eb5c729983a8bef65f094b5e0d12014",
          "version": "0.0.3"
        }
      }
    ]
  },
  "version": 1
}
