// !$*UTF8*$!
{
	archiveVersion = 1;
	classes = {
	};
	objectVersion = 52;
	objects = {

/* Begin PBXBuildFile section */
		132160AD2539BE74003D3489 /* iOSSCApp.swift in Sources */ = {isa = PBXBuildFile; fileRef = 132160AC2539BE74003D3489 /* iOSSCApp.swift */; };
		132160AF2539BE74003D3489 /* ContentView.swift in Sources */ = {isa = PBXBuildFile; fileRef = 132160AE2539BE74003D3489 /* ContentView.swift */; };
		132160B12539BE76003D3489 /* Assets.xcassets in Resources */ = {isa = PBXBuildFile; fileRef = 132160B02539BE76003D3489 /* Assets.xcassets */; };
		132160B42539BE76003D3489 /* Preview Assets.xcassets in Resources */ = {isa = PBXBuildFile; fileRef = 132160B32539BE76003D3489 /* Preview Assets.xcassets */; };
		136BCFBF2539C77100C77D96 /* Student.swift in Sources */ = {isa = PBXBuildFile; fileRef = 136BCFBE2539C77100C77D96 /* Student.swift */; };
		136BCFC22539C7B000C77D96 /* Exam.swift in Sources */ = {isa = PBXBuildFile; fileRef = 136BCFC12539C7B000C77D96 /* Exam.swift */; };
		136BCFC52539C7D900C77D96 /* WorkExperience.swift in Sources */ = {isa = PBXBuildFile; fileRef = 136BCFC42539C7D900C77D96 /* WorkExperience.swift */; };
		136BCFC82539C7FB00C77D96 /* Attempts.swift in Sources */ = {isa = PBXBuildFile; fileRef = 136BCFC72539C7FB00C77D96 /* Attempts.swift */; };
		136BCFCB2539C81B00C77D96 /* Module.swift in Sources */ = {isa = PBXBuildFile; fileRef = 136BCFCA2539C81B00C77D96 /* Module.swift */; };
		136BCFCE2539C86900C77D96 /* ResponseData.swift in Sources */ = {isa = PBXBuildFile; fileRef = 136BCFCD2539C86900C77D96 /* ResponseData.swift */; };
		136BCFD12539C99300C77D96 /* ModuleRow.swift in Sources */ = {isa = PBXBuildFile; fileRef = 136BCFD02539C99300C77D96 /* ModuleRow.swift */; };
		136BCFD42539D0EA00C77D96 /* Grade.swift in Sources */ = {isa = PBXBuildFile; fileRef = 136BCFD32539D0EA00C77D96 /* Grade.swift */; };
		136BCFD72539D5CB00C77D96 /* APIManager.swift in Sources */ = {isa = PBXBuildFile; fileRef = 136BCFD62539D5CB00C77D96 /* APIManager.swift */; };
		136BCFDB2539D64300C77D96 /* Alamofire in Frameworks */ = {isa = PBXBuildFile; productRef = 136BCFDA2539D64300C77D96 /* Alamofire */; };
		136BCFE42539DAB900C77D96 /* APIResponse.swift in Sources */ = {isa = PBXBuildFile; fileRef = 136BCFE32539DAB900C77D96 /* APIResponse.swift */; };
		138E845A253AF7C800B1B8AD /* BackgroundView.swift in Sources */ = {isa = PBXBuildFile; fileRef = 138E8459253AF7C800B1B8AD /* BackgroundView.swift */; };
		138E845D253AF7F000B1B8AD /* GradeMode.swift in Sources */ = {isa = PBXBuildFile; fileRef = 138E845C253AF7F000B1B8AD /* GradeMode.swift */; };
		138E8461253AFD1500B1B8AD /* HSDSans.otf in Resources */ = {isa = PBXBuildFile; fileRef = 138E8460253AFD1500B1B8AD /* HSDSans.otf */; };
		138E8466253B00A200B1B8AD /* Placeholder.swift in Sources */ = {isa = PBXBuildFile; fileRef = 138E8465253B00A200B1B8AD /* Placeholder.swift */; };
		138E846A253B04E600B1B8AD /* KeychainAccess in Frameworks */ = {isa = PBXBuildFile; productRef = 138E8469253B04E600B1B8AD /* KeychainAccess */; };
		138E8472253B139A00B1B8AD /* LoadingScreen.swift in Sources */ = {isa = PBXBuildFile; fileRef = 138E8471253B139A00B1B8AD /* LoadingScreen.swift */; };
		139812D5253A2C7F00CEB9D4 /* Color.swift in Sources */ = {isa = PBXBuildFile; fileRef = 139812D4253A2C7F00CEB9D4 /* Color.swift */; };
		139812D9253A347100CEB9D4 /* LoginView.swift in Sources */ = {isa = PBXBuildFile; fileRef = 139812D8253A347100CEB9D4 /* LoginView.swift */; };
		13EB1D2C253B6C57007D79D8 /* Haptica in Frameworks */ = {isa = PBXBuildFile; productRef = 13EB1D2B253B6C57007D79D8 /* Haptica */; };
/* End PBXBuildFile section */

/* Begin PBXFileReference section */
		132160A92539BE74003D3489 /* iOSSC.app */ = {isa = PBXFileReference; explicitFileType = wrapper.application; includeInIndex = 0; path = iOSSC.app; sourceTree = BUILT_PRODUCTS_DIR; };
		132160AC2539BE74003D3489 /* iOSSCApp.swift */ = {isa = PBXFileReference; lastKnownFileType = sourcecode.swift; path = iOSSCApp.swift; sourceTree = "<group>"; };
		132160AE2539BE74003D3489 /* ContentView.swift */ = {isa = PBXFileReference; lastKnownFileType = sourcecode.swift; path = ContentView.swift; sourceTree = "<group>"; };
		132160B02539BE76003D3489 /* Assets.xcassets */ = {isa = PBXFileReference; lastKnownFileType = folder.assetcatalog; path = Assets.xcassets; sourceTree = "<group>"; };
		132160B32539BE76003D3489 /* Preview Assets.xcassets */ = {isa = PBXFileReference; lastKnownFileType = folder.assetcatalog; path = "Preview Assets.xcassets"; sourceTree = "<group>"; };
		132160B52539BE76003D3489 /* Info.plist */ = {isa = PBXFileReference; lastKnownFileType = text.plist.xml; path = Info.plist; sourceTree = "<group>"; };
		136BCFBE2539C77100C77D96 /* Student.swift */ = {isa = PBXFileReference; lastKnownFileType = sourcecode.swift; path = Student.swift; sourceTree = "<group>"; };
		136BCFC12539C7B000C77D96 /* Exam.swift */ = {isa = PBXFileReference; lastKnownFileType = sourcecode.swift; path = Exam.swift; sourceTree = "<group>"; };
		136BCFC42539C7D900C77D96 /* WorkExperience.swift */ = {isa = PBXFileReference; lastKnownFileType = sourcecode.swift; path = WorkExperience.swift; sourceTree = "<group>"; };
		136BCFC72539C7FB00C77D96 /* Attempts.swift */ = {isa = PBXFileReference; lastKnownFileType = sourcecode.swift; path = Attempts.swift; sourceTree = "<group>"; };
		136BCFCA2539C81B00C77D96 /* Module.swift */ = {isa = PBXFileReference; lastKnownFileType = sourcecode.swift; path = Module.swift; sourceTree = "<group>"; };
		136BCFCD2539C86900C77D96 /* ResponseData.swift */ = {isa = PBXFileReference; lastKnownFileType = sourcecode.swift; path = ResponseData.swift; sourceTree = "<group>"; };
		136BCFD02539C99300C77D96 /* ModuleRow.swift */ = {isa = PBXFileReference; lastKnownFileType = sourcecode.swift; path = ModuleRow.swift; sourceTree = "<group>"; };
		136BCFD32539D0EA00C77D96 /* Grade.swift */ = {isa = PBXFileReference; lastKnownFileType = sourcecode.swift; path = Grade.swift; sourceTree = "<group>"; };
		136BCFD62539D5CB00C77D96 /* APIManager.swift */ = {isa = PBXFileReference; lastKnownFileType = sourcecode.swift; path = APIManager.swift; sourceTree = "<group>"; };
		136BCFE32539DAB900C77D96 /* APIResponse.swift */ = {isa = PBXFileReference; lastKnownFileType = sourcecode.swift; path = APIResponse.swift; sourceTree = "<group>"; };
		138E8459253AF7C800B1B8AD /* BackgroundView.swift */ = {isa = PBXFileReference; lastKnownFileType = sourcecode.swift; path = BackgroundView.swift; sourceTree = "<group>"; };
		138E845C253AF7F000B1B8AD /* GradeMode.swift */ = {isa = PBXFileReference; lastKnownFileType = sourcecode.swift; path = GradeMode.swift; sourceTree = "<group>"; };
		138E8460253AFD1500B1B8AD /* HSDSans.otf */ = {isa = PBXFileReference; lastKnownFileType = file; path = HSDSans.otf; sourceTree = "<group>"; };
		138E8465253B00A200B1B8AD /* Placeholder.swift */ = {isa = PBXFileReference; lastKnownFileType = sourcecode.swift; path = Placeholder.swift; sourceTree = "<group>"; };
		138E8471253B139A00B1B8AD /* LoadingScreen.swift */ = {isa = PBXFileReference; lastKnownFileType = sourcecode.swift; path = LoadingScreen.swift; sourceTree = "<group>"; };
		139812D4253A2C7F00CEB9D4 /* Color.swift */ = {isa = PBXFileReference; lastKnownFileType = sourcecode.swift; path = Color.swift; sourceTree = "<group>"; };
		139812D8253A347100CEB9D4 /* LoginView.swift */ = {isa = PBXFileReference; lastKnownFileType = sourcecode.swift; path = LoginView.swift; sourceTree = "<group>"; };
/* End PBXFileReference section */

/* Begin PBXFrameworksBuildPhase section */
		132160A62539BE74003D3489 /* Frameworks */ = {
			isa = PBXFrameworksBuildPhase;
			buildActionMask = 2147483647;
			files = (
				13EB1D2C253B6C57007D79D8 /* Haptica in Frameworks */,
				138E846A253B04E600B1B8AD /* KeychainAccess in Frameworks */,
				136BCFDB2539D64300C77D96 /* Alamofire in Frameworks */,
			);
			runOnlyForDeploymentPostprocessing = 0;
		};
/* End PBXFrameworksBuildPhase section */

/* Begin PBXGroup section */
		132160A02539BE74003D3489 = {
			isa = PBXGroup;
			children = (
				132160AB2539BE74003D3489 /* iOSSC */,
				132160AA2539BE74003D3489 /* Products */,
			);
			sourceTree = "<group>";
		};
		132160AA2539BE74003D3489 /* Products */ = {
			isa = PBXGroup;
			children = (
				132160A92539BE74003D3489 /* iOSSC.app */,
			);
			name = Products;
			sourceTree = "<group>";
		};
		132160AB2539BE74003D3489 /* iOSSC */ = {
			isa = PBXGroup;
			children = (
				132160AC2539BE74003D3489 /* iOSSCApp.swift */,
				132160BD2539BE91003D3489 /* View */,
				132160BC2539BE8D003D3489 /* Model */,
				132160BE2539BE96003D3489 /* ViewModel */,
				139812D3253A2C6E00CEB9D4 /* Extensions */,
				132160B02539BE76003D3489 /* Assets.xcassets */,
				132160B52539BE76003D3489 /* Info.plist */,
				139812CD253A23DF00CEB9D4 /* Additional */,
				132160B22539BE76003D3489 /* Preview Content */,
			);
			path = iOSSC;
			sourceTree = "<group>";
		};
		132160B22539BE76003D3489 /* Preview Content */ = {
			isa = PBXGroup;
			children = (
				132160B32539BE76003D3489 /* Preview Assets.xcassets */,
			);
			path = "Preview Content";
			sourceTree = "<group>";
		};
		132160BC2539BE8D003D3489 /* Model */ = {
			isa = PBXGroup;
			children = (
				136BCFD62539D5CB00C77D96 /* APIManager.swift */,
				136BCFC72539C7FB00C77D96 /* Attempts.swift */,
				136BCFC12539C7B000C77D96 /* Exam.swift */,
				136BCFD32539D0EA00C77D96 /* Grade.swift */,
				136BCFCA2539C81B00C77D96 /* Module.swift */,
				136BCFCD2539C86900C77D96 /* ResponseData.swift */,
				136BCFBE2539C77100C77D96 /* Student.swift */,
				136BCFC42539C7D900C77D96 /* WorkExperience.swift */,
				136BCFE32539DAB900C77D96 /* APIResponse.swift */,
				138E845C253AF7F000B1B8AD /* GradeMode.swift */,
			);
			path = Model;
			sourceTree = "<group>";
		};
		132160BD2539BE91003D3489 /* View */ = {
			isa = PBXGroup;
			children = (
				139812D8253A347100CEB9D4 /* LoginView.swift */,
				132160AE2539BE74003D3489 /* ContentView.swift */,
				138E8471253B139A00B1B8AD /* LoadingScreen.swift */,
			);
			path = View;
			sourceTree = "<group>";
		};
		132160BE2539BE96003D3489 /* ViewModel */ = {
			isa = PBXGroup;
			children = (
				136BCFD02539C99300C77D96 /* ModuleRow.swift */,
				138E8459253AF7C800B1B8AD /* BackgroundView.swift */,
				138E8465253B00A200B1B8AD /* Placeholder.swift */,
			);
			path = ViewModel;
			sourceTree = "<group>";
		};
		139812CD253A23DF00CEB9D4 /* Additional */ = {
			isa = PBXGroup;
			children = (
				139812D1253A242900CEB9D4 /* Fonts */,
			);
			path = Additional;
			sourceTree = "<group>";
		};
		139812D1253A242900CEB9D4 /* Fonts */ = {
			isa = PBXGroup;
			children = (
				138E8460253AFD1500B1B8AD /* HSDSans.otf */,
			);
			path = Fonts;
			sourceTree = "<group>";
		};
		139812D3253A2C6E00CEB9D4 /* Extensions */ = {
			isa = PBXGroup;
			children = (
				139812D4253A2C7F00CEB9D4 /* Color.swift */,
			);
			path = Extensions;
			sourceTree = "<group>";
		};
/* End PBXGroup section */

/* Begin PBXNativeTarget section */
		132160A82539BE74003D3489 /* iOSSC */ = {
			isa = PBXNativeTarget;
			buildConfigurationList = 132160B82539BE76003D3489 /* Build configuration list for PBXNativeTarget "iOSSC" */;
			buildPhases = (
				132160A52539BE74003D3489 /* Sources */,
				132160A62539BE74003D3489 /* Frameworks */,
				132160A72539BE74003D3489 /* Resources */,
			);
			buildRules = (
			);
			dependencies = (
			);
			name = iOSSC;
			packageProductDependencies = (
				136BCFDA2539D64300C77D96 /* Alamofire */,
				138E8469253B04E600B1B8AD /* KeychainAccess */,
				13EB1D2B253B6C57007D79D8 /* Haptica */,
			);
			productName = iOSSC;
			productReference = 132160A92539BE74003D3489 /* iOSSC.app */;
			productType = "com.apple.product-type.application";
		};
/* End PBXNativeTarget section */

/* Begin PBXProject section */
		132160A12539BE74003D3489 /* Project object */ = {
			isa = PBXProject;
			attributes = {
				LastSwiftUpdateCheck = 1200;
				LastUpgradeCheck = 1200;
				TargetAttributes = {
					132160A82539BE74003D3489 = {
						CreatedOnToolsVersion = 12.0.1;
					};
				};
			};
			buildConfigurationList = 132160A42539BE74003D3489 /* Build configuration list for PBXProject "iOSSC" */;
			compatibilityVersion = "Xcode 9.3";
			developmentRegion = en;
			hasScannedForEncodings = 0;
			knownRegions = (
				en,
				Base,
			);
			mainGroup = 132160A02539BE74003D3489;
			packageReferences = (
				136BCFD92539D64300C77D96 /* XCRemoteSwiftPackageReference "Alamofire" */,
				138E8468253B04E600B1B8AD /* XCRemoteSwiftPackageReference "KeychainAccess" */,
				13EB1D2A253B6C57007D79D8 /* XCRemoteSwiftPackageReference "Haptica" */,
			);
			productRefGroup = 132160AA2539BE74003D3489 /* Products */;
			projectDirPath = "";
			projectRoot = "";
			targets = (
				132160A82539BE74003D3489 /* iOSSC */,
			);
		};
/* End PBXProject section */

/* Begin PBXResourcesBuildPhase section */
		132160A72539BE74003D3489 /* Resources */ = {
			isa = PBXResourcesBuildPhase;
			buildActionMask = 2147483647;
			files = (
				132160B42539BE76003D3489 /* Preview Assets.xcassets in Resources */,
				132160B12539BE76003D3489 /* Assets.xcassets in Resources */,
				138E8461253AFD1500B1B8AD /* HSDSans.otf in Resources */,
			);
			runOnlyForDeploymentPostprocessing = 0;
		};
/* End PBXResourcesBuildPhase section */

/* Begin PBXSourcesBuildPhase section */
		132160A52539BE74003D3489 /* Sources */ = {
			isa = PBXSourcesBuildPhase;
			buildActionMask = 2147483647;
			files = (
				138E845A253AF7C800B1B8AD /* BackgroundView.swift in Sources */,
				136BCFC22539C7B000C77D96 /* Exam.swift in Sources */,
				138E845D253AF7F000B1B8AD /* GradeMode.swift in Sources */,
				136BCFC82539C7FB00C77D96 /* Attempts.swift in Sources */,
				136BCFD12539C99300C77D96 /* ModuleRow.swift in Sources */,
				136BCFD42539D0EA00C77D96 /* Grade.swift in Sources */,
				139812D5253A2C7F00CEB9D4 /* Color.swift in Sources */,
				136BCFC52539C7D900C77D96 /* WorkExperience.swift in Sources */,
				138E8472253B139A00B1B8AD /* LoadingScreen.swift in Sources */,
				136BCFE42539DAB900C77D96 /* APIResponse.swift in Sources */,
				132160AF2539BE74003D3489 /* ContentView.swift in Sources */,
				139812D9253A347100CEB9D4 /* LoginView.swift in Sources */,
				136BCFCB2539C81B00C77D96 /* Module.swift in Sources */,
				136BCFBF2539C77100C77D96 /* Student.swift in Sources */,
				136BCFD72539D5CB00C77D96 /* APIManager.swift in Sources */,
				136BCFCE2539C86900C77D96 /* ResponseData.swift in Sources */,
				132160AD2539BE74003D3489 /* iOSSCApp.swift in Sources */,
				138E8466253B00A200B1B8AD /* Placeholder.swift in Sources */,
			);
			runOnlyForDeploymentPostprocessing = 0;
		};
/* End PBXSourcesBuildPhase section */

/* Begin XCBuildConfiguration section */
		132160B62539BE76003D3489 /* Debug */ = {
			isa = XCBuildConfiguration;
			buildSettings = {
				ALWAYS_SEARCH_USER_PATHS = NO;
				CLANG_ANALYZER_NONNULL = YES;
				CLANG_ANALYZER_NUMBER_OBJECT_CONVERSION = YES_AGGRESSIVE;
				CLANG_CXX_LANGUAGE_STANDARD = "gnu++14";
				CLANG_CXX_LIBRARY = "libc++";
				CLANG_ENABLE_MODULES = YES;
				CLANG_ENABLE_OBJC_ARC = YES;
				CLANG_ENABLE_OBJC_WEAK = YES;
				CLANG_WARN_BLOCK_CAPTURE_AUTORELEASING = YES;
				CLANG_WARN_BOOL_CONVERSION = YES;
				CLANG_WARN_COMMA = YES;
				CLANG_WARN_CONSTANT_CONVERSION = YES;
				CLANG_WARN_DEPRECATED_OBJC_IMPLEMENTATIONS = YES;
				CLANG_WARN_DIRECT_OBJC_ISA_USAGE = YES_ERROR;
				CLANG_WARN_DOCUMENTATION_COMMENTS = YES;
				CLANG_WARN_EMPTY_BODY = YES;
				CLANG_WARN_ENUM_CONVERSION = YES;
				CLANG_WARN_INFINITE_RECURSION = YES;
				CLANG_WARN_INT_CONVERSION = YES;
				CLANG_WARN_NON_LITERAL_NULL_CONVERSION = YES;
				CLANG_WARN_OBJC_IMPLICIT_RETAIN_SELF = YES;
				CLANG_WARN_OBJC_LITERAL_CONVERSION = YES;
				CLANG_WARN_OBJC_ROOT_CLASS = YES_ERROR;
				CLANG_WARN_QUOTED_INCLUDE_IN_FRAMEWORK_HEADER = YES;
				CLANG_WARN_RANGE_LOOP_ANALYSIS = YES;
				CLANG_WARN_STRICT_PROTOTYPES = YES;
				CLANG_WARN_SUSPICIOUS_MOVE = YES;
				CLANG_WARN_UNGUARDED_AVAILABILITY = YES_AGGRESSIVE;
				CLANG_WARN_UNREACHABLE_CODE = YES;
				CLANG_WARN__DUPLICATE_METHOD_MATCH = YES;
				COPY_PHASE_STRIP = NO;
				DEBUG_INFORMATION_FORMAT = dwarf;
				ENABLE_STRICT_OBJC_MSGSEND = YES;
				ENABLE_TESTABILITY = YES;
				GCC_C_LANGUAGE_STANDARD = gnu11;
				GCC_DYNAMIC_NO_PIC = NO;
				GCC_NO_COMMON_BLOCKS = YES;
				GCC_OPTIMIZATION_LEVEL = 0;
				GCC_PREPROCESSOR_DEFINITIONS = (
					"DEBUG=1",
					"$(inherited)",
				);
				GCC_WARN_64_TO_32_BIT_CONVERSION = YES;
				GCC_WARN_ABOUT_RETURN_TYPE = YES_ERROR;
				GCC_WARN_UNDECLARED_SELECTOR = YES;
				GCC_WARN_UNINITIALIZED_AUTOS = YES_AGGRESSIVE;
				GCC_WARN_UNUSED_FUNCTION = YES;
				GCC_WARN_UNUSED_VARIABLE = YES;
				IPHONEOS_DEPLOYMENT_TARGET = 14.0;
				MTL_ENABLE_DEBUG_INFO = INCLUDE_SOURCE;
				MTL_FAST_MATH = YES;
				ONLY_ACTIVE_ARCH = YES;
				SDKROOT = iphoneos;
				SWIFT_ACTIVE_COMPILATION_CONDITIONS = DEBUG;
				SWIFT_OPTIMIZATION_LEVEL = "-Onone";
			};
			name = Debug;
		};
		132160B72539BE76003D3489 /* Release */ = {
			isa = XCBuildConfiguration;
			buildSettings = {
				ALWAYS_SEARCH_USER_PATHS = NO;
				CLANG_ANALYZER_NONNULL = YES;
				CLANG_ANALYZER_NUMBER_OBJECT_CONVERSION = YES_AGGRESSIVE;
				CLANG_CXX_LANGUAGE_STANDARD = "gnu++14";
				CLANG_CXX_LIBRARY = "libc++";
				CLANG_ENABLE_MODULES = YES;
				CLANG_ENABLE_OBJC_ARC = YES;
				CLANG_ENABLE_OBJC_WEAK = YES;
				CLANG_WARN_BLOCK_CAPTURE_AUTORELEASING = YES;
				CLANG_WARN_BOOL_CONVERSION = YES;
				CLANG_WARN_COMMA = YES;
				CLANG_WARN_CONSTANT_CONVERSION = YES;
				CLANG_WARN_DEPRECATED_OBJC_IMPLEMENTATIONS = YES;
				CLANG_WARN_DIRECT_OBJC_ISA_USAGE = YES_ERROR;
				CLANG_WARN_DOCUMENTATION_COMMENTS = YES;
				CLANG_WARN_EMPTY_BODY = YES;
				CLANG_WARN_ENUM_CONVERSION = YES;
				CLANG_WARN_INFINITE_RECURSION = YES;
				CLANG_WARN_INT_CONVERSION = YES;
				CLANG_WARN_NON_LITERAL_NULL_CONVERSION = YES;
				CLANG_WARN_OBJC_IMPLICIT_RETAIN_SELF = YES;
				CLANG_WARN_OBJC_LITERAL_CONVERSION = YES;
				CLANG_WARN_OBJC_ROOT_CLASS = YES_ERROR;
				CLANG_WARN_QUOTED_INCLUDE_IN_FRAMEWORK_HEADER = YES;
				CLANG_WARN_RANGE_LOOP_ANALYSIS = YES;
				CLANG_WARN_STRICT_PROTOTYPES = YES;
				CLANG_WARN_SUSPICIOUS_MOVE = YES;
				CLANG_WARN_UNGUARDED_AVAILABILITY = YES_AGGRESSIVE;
				CLANG_WARN_UNREACHABLE_CODE = YES;
				CLANG_WARN__DUPLICATE_METHOD_MATCH = YES;
				COPY_PHASE_STRIP = NO;
				DEBUG_INFORMATION_FORMAT = "dwarf-with-dsym";
				ENABLE_NS_ASSERTIONS = NO;
				ENABLE_STRICT_OBJC_MSGSEND = YES;
				GCC_C_LANGUAGE_STANDARD = gnu11;
				GCC_NO_COMMON_BLOCKS = YES;
				GCC_WARN_64_TO_32_BIT_CONVERSION = YES;
				GCC_WARN_ABOUT_RETURN_TYPE = YES_ERROR;
				GCC_WARN_UNDECLARED_SELECTOR = YES;
				GCC_WARN_UNINITIALIZED_AUTOS = YES_AGGRESSIVE;
				GCC_WARN_UNUSED_FUNCTION = YES;
				GCC_WARN_UNUSED_VARIABLE = YES;
				IPHONEOS_DEPLOYMENT_TARGET = 14.0;
				MTL_ENABLE_DEBUG_INFO = NO;
				MTL_FAST_MATH = YES;
				SDKROOT = iphoneos;
				SWIFT_COMPILATION_MODE = wholemodule;
				SWIFT_OPTIMIZATION_LEVEL = "-O";
				VALIDATE_PRODUCT = YES;
			};
			name = Release;
		};
		132160B92539BE76003D3489 /* Debug */ = {
			isa = XCBuildConfiguration;
			buildSettings = {
				ASSETCATALOG_COMPILER_APPICON_NAME = AppIcon;
				ASSETCATALOG_COMPILER_GLOBAL_ACCENT_COLOR_NAME = AccentColor;
				CODE_SIGN_STYLE = Automatic;
				DEVELOPMENT_ASSET_PATHS = "\"iOSSC/Preview Content\"";
				DEVELOPMENT_TEAM = NSG52Q9F89;
				ENABLE_PREVIEWS = YES;
				INFOPLIST_FILE = iOSSC/Info.plist;
				IPHONEOS_DEPLOYMENT_TARGET = 14.0;
				LD_RUNPATH_SEARCH_PATHS = (
					"$(inherited)",
					"@executable_path/Frameworks",
				);
				PRODUCT_BUNDLE_IDENTIFIER = me.kuhlti.iOSSC;
				PRODUCT_NAME = "$(TARGET_NAME)";
				SWIFT_VERSION = 5.0;
				TARGETED_DEVICE_FAMILY = "1,2";
			};
			name = Debug;
		};
		132160BA2539BE76003D3489 /* Release */ = {
			isa = XCBuildConfiguration;
			buildSettings = {
				ASSETCATALOG_COMPILER_APPICON_NAME = AppIcon;
				ASSETCATALOG_COMPILER_GLOBAL_ACCENT_COLOR_NAME = AccentColor;
				CODE_SIGN_STYLE = Automatic;
				DEVELOPMENT_ASSET_PATHS = "\"iOSSC/Preview Content\"";
				DEVELOPMENT_TEAM = NSG52Q9F89;
				ENABLE_PREVIEWS = YES;
				INFOPLIST_FILE = iOSSC/Info.plist;
				IPHONEOS_DEPLOYMENT_TARGET = 14.0;
				LD_RUNPATH_SEARCH_PATHS = (
					"$(inherited)",
					"@executable_path/Frameworks",
				);
				PRODUCT_BUNDLE_IDENTIFIER = me.kuhlti.iOSSC;
				PRODUCT_NAME = "$(TARGET_NAME)";
				SWIFT_VERSION = 5.0;
				TARGETED_DEVICE_FAMILY = "1,2";
			};
			name = Release;
		};
/* End XCBuildConfiguration section */

/* Begin XCConfigurationList section */
		132160A42539BE74003D3489 /* Build configuration list for PBXProject "iOSSC" */ = {
			isa = XCConfigurationList;
			buildConfigurations = (
				132160B62539BE76003D3489 /* Debug */,
				132160B72539BE76003D3489 /* Release */,
			);
			defaultConfigurationIsVisible = 0;
			defaultConfigurationName = Release;
		};
		132160B82539BE76003D3489 /* Build configuration list for PBXNativeTarget "iOSSC" */ = {
			isa = XCConfigurationList;
			buildConfigurations = (
				132160B92539BE76003D3489 /* Debug */,
				132160BA2539BE76003D3489 /* Release */,
			);
			defaultConfigurationIsVisible = 0;
			defaultConfigurationName = Release;
		};
/* End XCConfigurationList section */

/* Begin XCRemoteSwiftPackageReference section */
		136BCFD92539D64300C77D96 /* XCRemoteSwiftPackageReference "Alamofire" */ = {
			isa = XCRemoteSwiftPackageReference;
			repositoryURL = "https://github.com/Alamofire/Alamofire";
			requirement = {
				kind = upToNextMajorVersion;
				minimumVersion = 5.2.2;
			};
		};
		138E8468253B04E600B1B8AD /* XCRemoteSwiftPackageReference "KeychainAccess" */ = {
			isa = XCRemoteSwiftPackageReference;
			repositoryURL = "https://github.com/kishikawakatsumi/KeychainAccess";
			requirement = {
				kind = upToNextMajorVersion;
				minimumVersion = 4.2.1;
			};
		};
		13EB1D2A253B6C57007D79D8 /* XCRemoteSwiftPackageReference "Haptica" */ = {
			isa = XCRemoteSwiftPackageReference;
			repositoryURL = "https://github.com/efremidze/Haptica";
			requirement = {
				kind = upToNextMajorVersion;
				minimumVersion = 3.0.2;
			};
		};
/* End XCRemoteSwiftPackageReference section */

/* Begin XCSwiftPackageProductDependency section */
		136BCFDA2539D64300C77D96 /* Alamofire */ = {
			isa = XCSwiftPackageProductDependency;
			package = 136BCFD92539D64300C77D96 /* XCRemoteSwiftPackageReference "Alamofire" */;
			productName = Alamofire;
		};
		138E8469253B04E600B1B8AD /* KeychainAccess */ = {
			isa = XCSwiftPackageProductDependency;
			package = 138E8468253B04E600B1B8AD /* XCRemoteSwiftPackageReference "KeychainAccess" */;
			productName = KeychainAccess;
		};
		13EB1D2B253B6C57007D79D8 /* Haptica */ = {
			isa = XCSwiftPackageProductDependency;
			package = 13EB1D2A253B6C57007D79D8 /* XCRemoteSwiftPackageReference "Haptica" */;
			productName = Haptica;
		};
/* End XCSwiftPackageProductDependency section */
	};
	rootObject = 132160A12539BE74003D3489 /* Project object */;
}
